
Microsoft Visual Studio Solution File, Format Version 12.00
# Visual Studio Version 17
VisualStudioVersion = 17.0.31903.59
MinimumVisualStudioVersion = 10.0.40219.1
Project("{2150E333-8FDC-42A3-9474-1A3956D46DE8}") = "src", "src", "{827E0CD3-B72D-47B6-A68D-7590B98EB39B}"
EndProject
Project("{FAE04EC0-301F-11D3-BF4B-00C04F79EFBC}") = "BuildingBlocks", "src\BuildingBlocks\BuildingBlocks.csproj", "{B5F196FF-8491-4940-97AC-455F90BF7482}"
EndProject
Project("{2150E333-8FDC-42A3-9474-1A3956D46DE8}") = "Services", "Services", "{984BB9B3-3FA3-BE33-9484-CAC21695A33C}"
EndProject
Project("{2150E333-8FDC-42A3-9474-1A3956D46DE8}") = "Identity", "Identity", "{1BFC9479-12BF-35C3-06B8-42D89D95092B}"
EndProject
Project("{FAE04EC0-301F-11D3-BF4B-00C04F79EFBC}") = "Identity.API", "src\Services\Identity\Identity.API\Identity.API.csproj", "{E5150617-BC32-4A85-AC33-A06265AE958F}"
EndProject
Project("{2150E333-8FDC-42A3-9474-1A3956D46DE8}") = "ApiGateways", "ApiGateways", "{ED3A6F05-8B42-2A19-DFFE-FDDDF787C538}"
EndProject
Project("{FAE04EC0-301F-11D3-BF4B-00C04F79EFBC}") = "Web.Gateway", "src\ApiGateways\Web.Gateway\Web.Gateway.csproj", "{B669D9E6-0345-45D7-98FE-49CEE5EBE7B7}"
EndProject
Project("{2150E333-8FDC-42A3-9474-1A3956D46DE8}") = "Trip", "Trip", "{A1B2C3D4-E5F6-7890-ABCD-EF1234567890}"
EndProject
Project("{FAE04EC0-301F-11D3-BF4B-00C04F79EFBC}") = "Trip.API", "src\Services\Trip\Trip.API\Trip.API.csproj", "{D1E2F3A4-B5C6-7890-ABCD-EF1234567891}"
EndProject
Project("{2150E333-8FDC-42A3-9474-1A3956D46DE8}") = "Expense", "Expense", "{A2B3C4D5-E6F7-8901-BCDE-F12345678901}"
EndProject
Project("{FAE04EC0-301F-11D3-BF4B-00C04F79EFBC}") = "Expense.API", "src\Services\Expense\Expense.API\Expense.API.csproj", "{D2E3F4A5-B6C7-8901-BCDE-F12345678902}"
EndProject
Project("{2150E333-8FDC-42A3-9474-1A3956D46DE8}") = "Notification", "Notification", "{A3B4C5D6-E7F8-9012-CDEF-123456789012}"
EndProject
Project("{FAE04EC0-301F-11D3-BF4B-00C04F79EFBC}") = "Notification.API", "src\Services\Notification\Notification.API\Notification.API.csproj", "{D3E4F5A6-B7C8-9012-CDEF-123456789013}"
EndProject
Global
	GlobalSection(SolutionConfigurationPlatforms) = preSolution
		Debug|Any CPU = Debug|Any CPU
		Debug|x64 = Debug|x64
		Debug|x86 = Debug|x86
		Release|Any CPU = Release|Any CPU
		Release|x64 = Release|x64
		Release|x86 = Release|x86
	EndGlobalSection
	GlobalSection(ProjectConfigurationPlatforms) = postSolution
		{B5F196FF-8491-4940-97AC-455F90BF7482}.Debug|Any CPU.ActiveCfg = Debug|Any CPU
		{B5F196FF-8491-4940-97AC-455F90BF7482}.Debug|Any CPU.Build.0 = Debug|Any CPU
		{B5F196FF-8491-4940-97AC-455F90BF7482}.Debug|x64.ActiveCfg = Debug|Any CPU
		{B5F196FF-8491-4940-97AC-455F90BF7482}.Debug|x64.Build.0 = Debug|Any CPU
		{B5F196FF-8491-4940-97AC-455F90BF7482}.Debug|x86.ActiveCfg = Debug|Any CPU
		{B5F196FF-8491-4940-97AC-455F90BF7482}.Debug|x86.Build.0 = Debug|Any CPU
		{B5F196FF-8491-4940-97AC-455F90BF7482}.Release|Any CPU.ActiveCfg = Release|Any CPU
		{B5F196FF-8491-4940-97AC-455F90BF7482}.Release|Any CPU.Build.0 = Release|Any CPU
		{B5F196FF-8491-4940-97AC-455F90BF7482}.Release|x64.ActiveCfg = Release|Any CPU
		{B5F196FF-8491-4940-97AC-455F90BF7482}.Release|x64.Build.0 = Release|Any CPU
		{B5F196FF-8491-4940-97AC-455F90BF7482}.Release|x86.ActiveCfg = Release|Any CPU
		{B5F196FF-8491-4940-97AC-455F90BF7482}.Release|x86.Build.0 = Release|Any CPU
		{E5150617-BC32-4A85-AC33-A06265AE958F}.Debug|Any CPU.ActiveCfg = Debug|Any CPU
		{E5150617-BC32-4A85-AC33-A06265AE958F}.Debug|Any CPU.Build.0 = Debug|Any CPU
		{E5150617-BC32-4A85-AC33-A06265AE958F}.Debug|x64.ActiveCfg = Debug|Any CPU
		{E5150617-BC32-4A85-AC33-A06265AE958F}.Debug|x64.Build.0 = Debug|Any CPU
		{E5150617-BC32-4A85-AC33-A06265AE958F}.Debug|x86.ActiveCfg = Debug|Any CPU
		{E5150617-BC32-4A85-AC33-A06265AE958F}.Debug|x86.Build.0 = Debug|Any CPU
		{E5150617-BC32-4A85-AC33-A06265AE958F}.Release|Any CPU.ActiveCfg = Release|Any CPU
		{E5150617-BC32-4A85-AC33-A06265AE958F}.Release|Any CPU.Build.0 = Release|Any CPU
		{E5150617-BC32-4A85-AC33-A06265AE958F}.Release|x64.ActiveCfg = Release|Any CPU
		{E5150617-BC32-4A85-AC33-A06265AE958F}.Release|x64.Build.0 = Release|Any CPU
		{E5150617-BC32-4A85-AC33-A06265AE958F}.Release|x86.ActiveCfg = Release|Any CPU
		{E5150617-BC32-4A85-AC33-A06265AE958F}.Release|x86.Build.0 = Release|Any CPU
		{B669D9E6-0345-45D7-98FE-49CEE5EBE7B7}.Debug|Any CPU.ActiveCfg = Debug|Any CPU
		{B669D9E6-0345-45D7-98FE-49CEE5EBE7B7}.Debug|Any CPU.Build.0 = Debug|Any CPU
		{B669D9E6-0345-45D7-98FE-49CEE5EBE7B7}.Debug|x64.ActiveCfg = Debug|Any CPU
		{B669D9E6-0345-45D7-98FE-49CEE5EBE7B7}.Debug|x64.Build.0 = Debug|Any CPU
		{B669D9E6-0345-45D7-98FE-49CEE5EBE7B7}.Debug|x86.ActiveCfg = Debug|Any CPU
		{B669D9E6-0345-45D7-98FE-49CEE5EBE7B7}.Debug|x86.Build.0 = Debug|Any CPU
		{B669D9E6-0345-45D7-98FE-49CEE5EBE7B7}.Release|Any CPU.ActiveCfg = Release|Any CPU
		{B669D9E6-0345-45D7-98FE-49CEE5EBE7B7}.Release|Any CPU.Build.0 = Release|Any CPU
		{B669D9E6-0345-45D7-98FE-49CEE5EBE7B7}.Release|x64.ActiveCfg = Release|Any CPU
		{B669D9E6-0345-45D7-98FE-49CEE5EBE7B7}.Release|x64.Build.0 = Release|Any CPU
		{B669D9E6-0345-45D7-98FE-49CEE5EBE7B7}.Release|x86.ActiveCfg = Release|Any CPU
		{B669D9E6-0345-45D7-98FE-49CEE5EBE7B7}.Release|x86.Build.0 = Release|Any CPU
		{D1E2F3A4-B5C6-7890-ABCD-EF1234567891}.Debug|Any CPU.ActiveCfg = Debug|Any CPU
		{D1E2F3A4-B5C6-7890-ABCD-EF1234567891}.Debug|Any CPU.Build.0 = Debug|Any CPU
		{D1E2F3A4-B5C6-7890-ABCD-EF1234567891}.Debug|x64.ActiveCfg = Debug|Any CPU
		{D1E2F3A4-B5C6-7890-ABCD-EF1234567891}.Debug|x64.Build.0 = Debug|Any CPU
		{D1E2F3A4-B5C6-7890-ABCD-EF1234567891}.Debug|x86.ActiveCfg = Debug|Any CPU
		{D1E2F3A4-B5C6-7890-ABCD-EF1234567891}.Debug|x86.Build.0 = Debug|Any CPU
		{D1E2F3A4-B5C6-7890-ABCD-EF1234567891}.Release|Any CPU.ActiveCfg = Release|Any CPU
		{D1E2F3A4-B5C6-7890-ABCD-EF1234567891}.Release|Any CPU.Build.0 = Release|Any CPU
		{D1E2F3A4-B5C6-7890-ABCD-EF1234567891}.Release|x64.ActiveCfg = Release|Any CPU
		{D1E2F3A4-B5C6-7890-ABCD-EF1234567891}.Release|x64.Build.0 = Release|Any CPU
		{D1E2F3A4-B5C6-7890-ABCD-EF1234567891}.Release|x86.ActiveCfg = Release|Any CPU
		{D1E2F3A4-B5C6-7890-ABCD-EF1234567891}.Release|x86.Build.0 = Release|Any CPU
		{D2E3F4A5-B6C7-8901-BCDE-F12345678902}.Debug|Any CPU.ActiveCfg = Debug|Any CPU
		{D2E3F4A5-B6C7-8901-BCDE-F12345678902}.Debug|Any CPU.Build.0 = Debug|Any CPU
		{D2E3F4A5-B6C7-8901-BCDE-F12345678902}.Debug|x64.ActiveCfg = Debug|Any CPU
		{D2E3F4A5-B6C7-8901-BCDE-F12345678902}.Debug|x64.Build.0 = Debug|Any CPU
		{D2E3F4A5-B6C7-8901-BCDE-F12345678902}.Debug|x86.ActiveCfg = Debug|Any CPU
		{D2E3F4A5-B6C7-8901-BCDE-F12345678902}.Debug|x86.Build.0 = Debug|Any CPU
		{D2E3F4A5-B6C7-8901-BCDE-F12345678902}.Release|Any CPU.ActiveCfg = Release|Any CPU
		{D2E3F4A5-B6C7-8901-BCDE-F12345678902}.Release|Any CPU.Build.0 = Release|Any CPU
		{D2E3F4A5-B6C7-8901-BCDE-F12345678902}.Release|x64.ActiveCfg = Release|Any CPU
		{D2E3F4A5-B6C7-8901-BCDE-F12345678902}.Release|x64.Build.0 = Release|Any CPU
		{D2E3F4A5-B6C7-8901-BCDE-F12345678902}.Release|x86.ActiveCfg = Release|Any CPU
		{D2E3F4A5-B6C7-8901-BCDE-F12345678902}.Release|x86.Build.0 = Release|Any CPU
		{D3E4F5A6-B7C8-9012-CDEF-123456789013}.Debug|Any CPU.ActiveCfg = Debug|Any CPU
		{D3E4F5A6-B7C8-9012-CDEF-123456789013}.Debug|Any CPU.Build.0 = Debug|Any CPU
		{D3E4F5A6-B7C8-9012-CDEF-123456789013}.Debug|x64.ActiveCfg = Debug|Any CPU
		{D3E4F5A6-B7C8-9012-CDEF-123456789013}.Debug|x64.Build.0 = Debug|Any CPU
		{D3E4F5A6-B7C8-9012-CDEF-123456789013}.Debug|x86.ActiveCfg = Debug|Any CPU
		{D3E4F5A6-B7C8-9012-CDEF-123456789013}.Debug|x86.Build.0 = Debug|Any CPU
		{D3E4F5A6-B7C8-9012-CDEF-123456789013}.Release|Any CPU.ActiveCfg = Release|Any CPU
		{D3E4F5A6-B7C8-9012-CDEF-123456789013}.Release|Any CPU.Build.0 = Release|Any CPU
		{D3E4F5A6-B7C8-9012-CDEF-123456789013}.Release|x64.ActiveCfg = Release|Any CPU
		{D3E4F5A6-B7C8-9012-CDEF-123456789013}.Release|x64.Build.0 = Release|Any CPU
		{D3E4F5A6-B7C8-9012-CDEF-123456789013}.Release|x86.ActiveCfg = Release|Any CPU
		{D3E4F5A6-B7C8-9012-CDEF-123456789013}.Release|x86.Build.0 = Release|Any CPU
	EndGlobalSection
	GlobalSection(SolutionProperties) = preSolution
		HideSolutionNode = FALSE
	EndGlobalSection
	GlobalSection(NestedProjects) = preSolution
		{B5F196FF-8491-4940-97AC-455F90BF7482} = {827E0CD3-B72D-47B6-A68D-7590B98EB39B}
		{984BB9B3-3FA3-BE33-9484-CAC21695A33C} = {827E0CD3-B72D-47B6-A68D-7590B98EB39B}
		{1BFC9479-12BF-35C3-06B8-42D89D95092B} = {984BB9B3-3FA3-BE33-9484-CAC21695A33C}
		{E5150617-BC32-4A85-AC33-A06265AE958F} = {1BFC9479-12BF-35C3-06B8-42D89D95092B}
		{ED3A6F05-8B42-2A19-DFFE-FDDDF787C538} = {827E0CD3-B72D-47B6-A68D-7590B98EB39B}
		{B669D9E6-0345-45D7-98FE-49CEE5EBE7B7} = {ED3A6F05-8B42-2A19-DFFE-FDDDF787C538}
		{A1B2C3D4-E5F6-7890-ABCD-EF1234567890} = {984BB9B3-3FA3-BE33-9484-CAC21695A33C}
		{D1E2F3A4-B5C6-7890-ABCD-EF1234567891} = {A1B2C3D4-E5F6-7890-ABCD-EF1234567890}
		{A2B3C4D5-E6F7-8901-BCDE-F12345678901} = {984BB9B3-3FA3-BE33-9484-CAC21695A33C}
		{D2E3F4A5-B6C7-8901-BCDE-F12345678902} = {A2B3C4D5-E6F7-8901-BCDE-F12345678901}
		{A3B4C5D6-E7F8-9012-CDEF-123456789012} = {984BB9B3-3FA3-BE33-9484-CAC21695A33C}
		{D3E4F5A6-B7C8-9012-CDEF-123456789013} = {A3B4C5D6-E7F8-9012-CDEF-123456789012}
	EndGlobalSection
EndGlobal
